
Microsoft Visual Studio Solution File, Format Version 12.00
# Visual Studio 15
VisualStudioVersion = 15.0.26127.0
MinimumVisualStudioVersion = 10.0.40219.1
Project("{F2A71F9B-5D33-465A-A702-920D77279786}") = "Voiteq.ExpressionUtils", "Voiteq.ExpressionUtils\Voiteq.ExpressionUtils.fsproj", "{4C2CC81E-50D2-412B-9C31-31D04F57E293}"
EndProject
Project("{2150E333-8FDC-42A3-9474-1A3956D46DE8}") = "SolutionItems", "SolutionItems", "{B837432C-BC7A-49B8-8818-D35167B7853E}"
ProjectSection(SolutionItems) = preProject
	build.bat = build.bat
	build.fsx = build.fsx
	paket.dependencies = paket.dependencies
	paket.lock = paket.lock
	.gitignore = .gitignore
	Voiteq.ExpressionUtils.nuspec = Voiteq.ExpressionUtils.nuspec
	build\package_temp\Voiteq.ExpressionUtils.1.7.0.0.nuspec = build\package_temp\Voiteq.ExpressionUtils.1.7.0.0.nuspec
	SolutionInfo.fs = SolutionInfo.fs
EndProjectSection
EndProject
Project("{FAE04EC0-301F-11D3-BF4B-00C04F79EFBC}") = "Voiteq.ExpressionUtils.Tests", "Voiteq.ExpressionUtils.Tests\Voiteq.ExpressionUtils.Tests.csproj", "{49B603C0-59AA-4627-8044-38B75E1359D7}"
EndProject
Global
	GlobalSection(SolutionConfigurationPlatforms) = preSolution
		Debug|Any CPU = Debug|Any CPU
		Release|Any CPU = Release|Any CPU
	EndGlobalSection
	GlobalSection(ProjectConfigurationPlatforms) = postSolution
		{4C2CC81E-50D2-412B-9C31-31D04F57E293}.Debug|Any CPU.ActiveCfg = Debug|Any CPU
		{4C2CC81E-50D2-412B-9C31-31D04F57E293}.Debug|Any CPU.Build.0 = Debug|Any CPU
		{4C2CC81E-50D2-412B-9C31-31D04F57E293}.Release|Any CPU.ActiveCfg = Release|Any CPU
		{4C2CC81E-50D2-412B-9C31-31D04F57E293}.Release|Any CPU.Build.0 = Release|Any CPU
		{49B603C0-59AA-4627-8044-38B75E1359D7}.Debug|Any CPU.ActiveCfg = Debug|Any CPU
		{49B603C0-59AA-4627-8044-38B75E1359D7}.Debug|Any CPU.Build.0 = Debug|Any CPU
		{49B603C0-59AA-4627-8044-38B75E1359D7}.Release|Any CPU.ActiveCfg = Release|Any CPU
		{49B603C0-59AA-4627-8044-38B75E1359D7}.Release|Any CPU.Build.0 = Release|Any CPU
	EndGlobalSection
	GlobalSection(SolutionProperties) = preSolution
		HideSolutionNode = FALSE
	EndGlobalSection
EndGlobal
